
Microsoft Visual Studio Solution File, Format Version 12.00
# Visual Studio Version 16
VisualStudioVersion = 16.0.31009.304
MinimumVisualStudioVersion = 10.0.40219.1
Project("{FAE04EC0-301F-11D3-BF4B-00C04F79EFBC}") = "0924", "0924\0924.csproj", "{EE64CF03-6610-4C7A-9A66-EF4349F9A947}"
EndProject
Global
	GlobalSection(SolutionConfigurationPlatforms) = preSolution
		Debug|Any CPU = Debug|Any CPU
		Release|Any CPU = Release|Any CPU
	EndGlobalSection
	GlobalSection(ProjectConfigurationPlatforms) = postSolution
		{EE64CF03-6610-4C7A-9A66-EF4349F9A947}.Debug|Any CPU.ActiveCfg = Debug|Any CPU
		{EE64CF03-6610-4C7A-9A66-EF4349F9A947}.Debug|Any CPU.Build.0 = Debug|Any CPU
		{EE64CF03-6610-4C7A-9A66-EF4349F9A947}.Release|Any CPU.ActiveCfg = Release|Any CPU
		{EE64CF03-6610-4C7A-9A66-EF4349F9A947}.Release|Any CPU.Build.0 = Release|Any CPU
	EndGlobalSection
	GlobalSection(SolutionProperties) = preSolution
		HideSolutionNode = FALSE
	EndGlobalSection
	GlobalSection(ExtensibilityGlobals) = postSolution
		SolutionGuid = {E6EE608C-B9B6-41D3-BCB9-EF2F70993DCA}
	EndGlobalSection
EndGlobal
